
Microsoft Visual Studio Solution File, Format Version 12.00
# Visual Studio Version 17
VisualStudioVersion = 17.4.33122.133
MinimumVisualStudioVersion = 10.0.40219.1
Project("{FAE04EC0-301F-11D3-BF4B-00C04F79EFBC}") = "ADODOTNetPracticeProblem", "ADODOTNetPracticeProblem.csproj", "{B17CDFD0-D98D-4374-8963-3DEA85C68D83}"
EndProject
Global
	GlobalSection(SolutionConfigurationPlatforms) = preSolution
		Debug|Any CPU = Debug|Any CPU
		Release|Any CPU = Release|Any CPU
	EndGlobalSection
	GlobalSection(ProjectConfigurationPlatforms) = postSolution
		{B17CDFD0-D98D-4374-8963-3DEA85C68D83}.Debug|Any CPU.ActiveCfg = Debug|Any CPU
		{B17CDFD0-D98D-4374-8963-3DEA85C68D83}.Debug|Any CPU.Build.0 = Debug|Any CPU
		{B17CDFD0-D98D-4374-8963-3DEA85C68D83}.Release|Any CPU.ActiveCfg = Release|Any CPU
		{B17CDFD0-D98D-4374-8963-3DEA85C68D83}.Release|Any CPU.Build.0 = Release|Any CPU
	EndGlobalSection
	GlobalSection(SolutionProperties) = preSolution
		HideSolutionNode = FALSE
	EndGlobalSection
	GlobalSection(ExtensibilityGlobals) = postSolution
		SolutionGuid = {09050466-28E5-4672-B72A-2C149CE18E76}
	EndGlobalSection
EndGlobal
